
Microsoft Visual Studio Solution File, Format Version 12.00
# Visual Studio 15
VisualStudioVersion = 15.0.28307.645
MinimumVisualStudioVersion = 10.0.40219.1
Project("{FAE04EC0-301F-11D3-BF4B-00C04F79EFBC}") = "TiendaDeZapatos_POO", "TiendaDeZapatos_POO\TiendaDeZapatos_POO.csproj", "{83FF866B-070B-4608-9F12-DBF298FED1F4}"
EndProject
Global
	GlobalSection(SolutionConfigurationPlatforms) = preSolution
		Debug|Any CPU = Debug|Any CPU
		Release|Any CPU = Release|Any CPU
	EndGlobalSection
	GlobalSection(ProjectConfigurationPlatforms) = postSolution
		{83FF866B-070B-4608-9F12-DBF298FED1F4}.Debug|Any CPU.ActiveCfg = Debug|Any CPU
		{83FF866B-070B-4608-9F12-DBF298FED1F4}.Debug|Any CPU.Build.0 = Debug|Any CPU
		{83FF866B-070B-4608-9F12-DBF298FED1F4}.Release|Any CPU.ActiveCfg = Release|Any CPU
		{83FF866B-070B-4608-9F12-DBF298FED1F4}.Release|Any CPU.Build.0 = Release|Any CPU
	EndGlobalSection
	GlobalSection(SolutionProperties) = preSolution
		HideSolutionNode = FALSE
	EndGlobalSection
	GlobalSection(ExtensibilityGlobals) = postSolution
		SolutionGuid = {78C5E35C-FAA7-450A-9833-CA5F1174F6FB}
	EndGlobalSection
EndGlobal
